
Microsoft Visual Studio Solution File, Format Version 12.00
# Visual Studio Version 17
VisualStudioVersion = 17.1.32228.430
MinimumVisualStudioVersion = 10.0.40219.1
Project("{FAE04EC0-301F-11D3-BF4B-00C04F79EFBC}") = "oop assignment 2", "oop assignment 2\oop assignment 2.csproj", "{DEC4573B-5EE7-4587-88E7-5E647163D88F}"
EndProject
Global
	GlobalSection(SolutionConfigurationPlatforms) = preSolution
		Debug|Any CPU = Debug|Any CPU
		Release|Any CPU = Release|Any CPU
	EndGlobalSection
	GlobalSection(ProjectConfigurationPlatforms) = postSolution
		{DEC4573B-5EE7-4587-88E7-5E647163D88F}.Debug|Any CPU.ActiveCfg = Debug|Any CPU
		{DEC4573B-5EE7-4587-88E7-5E647163D88F}.Debug|Any CPU.Build.0 = Debug|Any CPU
		{DEC4573B-5EE7-4587-88E7-5E647163D88F}.Release|Any CPU.ActiveCfg = Release|Any CPU
		{DEC4573B-5EE7-4587-88E7-5E647163D88F}.Release|Any CPU.Build.0 = Release|Any CPU
	EndGlobalSection
	GlobalSection(SolutionProperties) = preSolution
		HideSolutionNode = FALSE
	EndGlobalSection
	GlobalSection(ExtensibilityGlobals) = postSolution
		SolutionGuid = {7F8F2159-86B2-4E25-A953-48992404DC8C}
	EndGlobalSection
EndGlobal
